
Microsoft Visual Studio Solution File, Format Version 12.00
# Visual Studio Version 17
VisualStudioVersion = 17.1.32407.343
MinimumVisualStudioVersion = 10.0.40219.1
Project("{FAE04EC0-301F-11D3-BF4B-00C04F79EFBC}") = "WebApp_MVC", "WebApp_MVC.csproj", "{411C1C91-806A-47AA-BCA7-3811E037B745}"
EndProject
Global
	GlobalSection(SolutionConfigurationPlatforms) = preSolution
		Debug|Any CPU = Debug|Any CPU
		Release|Any CPU = Release|Any CPU
	EndGlobalSection
	GlobalSection(ProjectConfigurationPlatforms) = postSolution
		{411C1C91-806A-47AA-BCA7-3811E037B745}.Debug|Any CPU.ActiveCfg = Debug|Any CPU
		{411C1C91-806A-47AA-BCA7-3811E037B745}.Debug|Any CPU.Build.0 = Debug|Any CPU
		{411C1C91-806A-47AA-BCA7-3811E037B745}.Release|Any CPU.ActiveCfg = Release|Any CPU
		{411C1C91-806A-47AA-BCA7-3811E037B745}.Release|Any CPU.Build.0 = Release|Any CPU
	EndGlobalSection
	GlobalSection(SolutionProperties) = preSolution
		HideSolutionNode = FALSE
	EndGlobalSection
	GlobalSection(ExtensibilityGlobals) = postSolution
		SolutionGuid = {1A30DB9E-4E0D-4513-BAEC-F573DE26C0C8}
	EndGlobalSection
EndGlobal
